
Microsoft Visual Studio Solution File, Format Version 12.00
# Visual Studio Version 16
VisualStudioVersion = 16.0.29806.167
MinimumVisualStudioVersion = 10.0.40219.1
Project("{FAE04EC0-301F-11D3-BF4B-00C04F79EFBC}") = "Inventory", "Inventory\Inventory.csproj", "{3C570160-571A-48A1-A02F-4CBD19D6CFEE}"
EndProject
Global
	GlobalSection(SolutionConfigurationPlatforms) = preSolution
		Debug|Any CPU = Debug|Any CPU
		Release|Any CPU = Release|Any CPU
	EndGlobalSection
	GlobalSection(ProjectConfigurationPlatforms) = postSolution
		{3C570160-571A-48A1-A02F-4CBD19D6CFEE}.Debug|Any CPU.ActiveCfg = Debug|Any CPU
		{3C570160-571A-48A1-A02F-4CBD19D6CFEE}.Debug|Any CPU.Build.0 = Debug|Any CPU
		{3C570160-571A-48A1-A02F-4CBD19D6CFEE}.Release|Any CPU.ActiveCfg = Release|Any CPU
		{3C570160-571A-48A1-A02F-4CBD19D6CFEE}.Release|Any CPU.Build.0 = Release|Any CPU
	EndGlobalSection
	GlobalSection(SolutionProperties) = preSolution
		HideSolutionNode = FALSE
	EndGlobalSection
	GlobalSection(ExtensibilityGlobals) = postSolution
		SolutionGuid = {E85BB548-B91A-4F44-B04A-C3DBC799EBDE}
	EndGlobalSection
EndGlobal
